
Microsoft Visual Studio Solution File, Format Version 12.00
# Visual Studio Version 17
VisualStudioVersion = 17.5.002.0
MinimumVisualStudioVersion = 10.0.40219.1
Project("{9A19103F-16F7-4668-BE54-9A1E7A4F7556}") = "Learning-RSA-Algorithm", "Learning-RSA-Algorithm.csproj", "{28D85FFE-D51A-49A5-A7F4-E9FC8B82C1D7}"
EndProject
Global
	GlobalSection(SolutionConfigurationPlatforms) = preSolution
		Debug|Any CPU = Debug|Any CPU
		Release|Any CPU = Release|Any CPU
	EndGlobalSection
	GlobalSection(ProjectConfigurationPlatforms) = postSolution
		{28D85FFE-D51A-49A5-A7F4-E9FC8B82C1D7}.Debug|Any CPU.ActiveCfg = Debug|Any CPU
		{28D85FFE-D51A-49A5-A7F4-E9FC8B82C1D7}.Debug|Any CPU.Build.0 = Debug|Any CPU
		{28D85FFE-D51A-49A5-A7F4-E9FC8B82C1D7}.Release|Any CPU.ActiveCfg = Release|Any CPU
		{28D85FFE-D51A-49A5-A7F4-E9FC8B82C1D7}.Release|Any CPU.Build.0 = Release|Any CPU
	EndGlobalSection
	GlobalSection(SolutionProperties) = preSolution
		HideSolutionNode = FALSE
	EndGlobalSection
	GlobalSection(ExtensibilityGlobals) = postSolution
		SolutionGuid = {9300C4F2-9EBD-4F5F-88E4-4D140B55022C}
	EndGlobalSection
EndGlobal
